
Microsoft Visual Studio Solution File, Format Version 12.00
# Visual Studio 16
Project("{FAE04EC0-301F-11D3-BF4B-00C04F79EFBC}") = "Assembly-CSharp", "Assembly-CSharp.csproj", "{F491AED6-2540-6184-6B25-E96127B5BD12}"
EndProject
Global
	GlobalSection(SolutionConfigurationPlatforms) = preSolution
		Debug|Any CPU = Debug|Any CPU
		Release|Any CPU = Release|Any CPU
	EndGlobalSection
	GlobalSection(ProjectConfigurationPlatforms) = postSolution
		{F491AED6-2540-6184-6B25-E96127B5BD12}.Debug|Any CPU.ActiveCfg = Debug|Any CPU
		{F491AED6-2540-6184-6B25-E96127B5BD12}.Debug|Any CPU.Build.0 = Debug|Any CPU
		{F491AED6-2540-6184-6B25-E96127B5BD12}.Release|Any CPU.ActiveCfg = Release|Any CPU
		{F491AED6-2540-6184-6B25-E96127B5BD12}.Release|Any CPU.Build.0 = Release|Any CPU
	EndGlobalSection
	GlobalSection(SolutionProperties) = preSolution
		HideSolutionNode = FALSE
	EndGlobalSection
EndGlobal
